
Microsoft Visual Studio Solution File, Format Version 12.00
# Visual Studio Version 17
VisualStudioVersion = 17.3.32929.385
MinimumVisualStudioVersion = 10.0.40219.1
Project("{FAE04EC0-301F-11D3-BF4B-00C04F79EFBC}") = "AH_ConsoleGamePTC1", "AH_ConsoleGamePTC1\AH_ConsoleGamePTC1.csproj", "{5E045B99-7634-4E0E-890A-2011C7531BC0}"
EndProject
Global
	GlobalSection(SolutionConfigurationPlatforms) = preSolution
		Debug|Any CPU = Debug|Any CPU
		Release|Any CPU = Release|Any CPU
	EndGlobalSection
	GlobalSection(ProjectConfigurationPlatforms) = postSolution
		{5E045B99-7634-4E0E-890A-2011C7531BC0}.Debug|Any CPU.ActiveCfg = Debug|Any CPU
		{5E045B99-7634-4E0E-890A-2011C7531BC0}.Debug|Any CPU.Build.0 = Debug|Any CPU
		{5E045B99-7634-4E0E-890A-2011C7531BC0}.Release|Any CPU.ActiveCfg = Release|Any CPU
		{5E045B99-7634-4E0E-890A-2011C7531BC0}.Release|Any CPU.Build.0 = Release|Any CPU
	EndGlobalSection
	GlobalSection(SolutionProperties) = preSolution
		HideSolutionNode = FALSE
	EndGlobalSection
	GlobalSection(ExtensibilityGlobals) = postSolution
		SolutionGuid = {3B8EB47E-97A9-46CF-8FD3-0AE095FD5F18}
	EndGlobalSection
EndGlobal
